
Microsoft Visual Studio Solution File, Format Version 12.00
# Visual Studio 15
VisualStudioVersion = 15.0.27004.2009
MinimumVisualStudioVersion = 10.0.40219.1
Project("{FAE04EC0-301F-11D3-BF4B-00C04F79EFBC}") = "tenth_homework", "tenth_homework\tenth_homework.csproj", "{10127D4F-A572-486F-852D-DA16BEDBC62D}"
EndProject
Project("{FAE04EC0-301F-11D3-BF4B-00C04F79EFBC}") = "practical_work", "practical_work\practical_work.csproj", "{33A9A61F-5EA9-42D3-95E2-C2C97C45C5A7}"
EndProject
Global
	GlobalSection(SolutionConfigurationPlatforms) = preSolution
		Debug|Any CPU = Debug|Any CPU
		Release|Any CPU = Release|Any CPU
	EndGlobalSection
	GlobalSection(ProjectConfigurationPlatforms) = postSolution
		{10127D4F-A572-486F-852D-DA16BEDBC62D}.Debug|Any CPU.ActiveCfg = Debug|Any CPU
		{10127D4F-A572-486F-852D-DA16BEDBC62D}.Debug|Any CPU.Build.0 = Debug|Any CPU
		{10127D4F-A572-486F-852D-DA16BEDBC62D}.Release|Any CPU.ActiveCfg = Release|Any CPU
		{10127D4F-A572-486F-852D-DA16BEDBC62D}.Release|Any CPU.Build.0 = Release|Any CPU
		{33A9A61F-5EA9-42D3-95E2-C2C97C45C5A7}.Debug|Any CPU.ActiveCfg = Debug|Any CPU
		{33A9A61F-5EA9-42D3-95E2-C2C97C45C5A7}.Debug|Any CPU.Build.0 = Debug|Any CPU
		{33A9A61F-5EA9-42D3-95E2-C2C97C45C5A7}.Release|Any CPU.ActiveCfg = Release|Any CPU
		{33A9A61F-5EA9-42D3-95E2-C2C97C45C5A7}.Release|Any CPU.Build.0 = Release|Any CPU
	EndGlobalSection
	GlobalSection(SolutionProperties) = preSolution
		HideSolutionNode = FALSE
	EndGlobalSection
	GlobalSection(ExtensibilityGlobals) = postSolution
		SolutionGuid = {58417F74-7643-43D2-8F0A-E0F0D6DD30F3}
	EndGlobalSection
EndGlobal
